// !$*UTF8*$!
{
	archiveVersion = 1;
	classes = {
	};
	objectVersion = 46;
	objects = {

/* Begin PBXBuildFile section */
		CBB8534E1E485C9700D199D5 /* AppDelegate.swift in Sources */ = {isa = PBXBuildFile; fileRef = CBB8534D1E485C9700D199D5 /* AppDelegate.swift */; };
		CBB853501E485C9700D199D5 /* ViewController.swift in Sources */ = {isa = PBXBuildFile; fileRef = CBB8534F1E485C9700D199D5 /* ViewController.swift */; };
		CBB853531E485C9700D199D5 /* Main.storyboard in Resources */ = {isa = PBXBuildFile; fileRef = CBB853511E485C9700D199D5 /* Main.storyboard */; };
		CBB853551E485C9700D199D5 /* Assets.xcassets in Resources */ = {isa = PBXBuildFile; fileRef = CBB853541E485C9700D199D5 /* Assets.xcassets */; };
		CBB853581E485C9700D199D5 /* LaunchScreen.storyboard in Resources */ = {isa = PBXBuildFile; fileRef = CBB853561E485C9700D199D5 /* LaunchScreen.storyboard */; };
		CBB853631E485C9700D199D5 /* MovieBookingTests.swift in Sources */ = {isa = PBXBuildFile; fileRef = CBB853621E485C9700D199D5 /* MovieBookingTests.swift */; };
/* End PBXBuildFile section */

/* Begin PBXContainerItemProxy section */
		CBB8535F1E485C9700D199D5 /* PBXContainerItemProxy */ = {
			isa = PBXContainerItemProxy;
			containerPortal = CBB853421E485C9700D199D5 /* Project object */;
			proxyType = 1;
			remoteGlobalIDString = CBB853491E485C9700D199D5;
			remoteInfo = MovieBooking;
		};
/* End PBXContainerItemProxy section */

/* Begin PBXFileReference section */
		CBB8534A1E485C9700D199D5 /* MovieBooking.app */ = {isa = PBXFileReference; explicitFileType = wrapper.application; includeInIndex = 0; path = MovieBooking.app; sourceTree = BUILT_PRODUCTS_DIR; };
		CBB8534D1E485C9700D199D5 /* AppDelegate.swift */ = {isa = PBXFileReference; lastKnownFileType = sourcecode.swift; path = AppDelegate.swift; sourceTree = "<group>"; };
		CBB8534F1E485C9700D199D5 /* ViewController.swift */ = {isa = PBXFileReference; lastKnownFileType = sourcecode.swift; path = ViewController.swift; sourceTree = "<group>"; };
		CBB853521E485C9700D199D5 /* Base */ = {isa = PBXFileReference; lastKnownFileType = file.storyboard; name = Base; path = Base.lproj/Main.storyboard; sourceTree = "<group>"; };
		CBB853541E485C9700D199D5 /* Assets.xcassets */ = {isa = PBXFileReference; lastKnownFileType = folder.assetcatalog; path = Assets.xcassets; sourceTree = "<group>"; };
		CBB853571E485C9700D199D5 /* Base */ = {isa = PBXFileReference; lastKnownFileType = file.storyboard; name = Base; path = Base.lproj/LaunchScreen.storyboard; sourceTree = "<group>"; };
		CBB853591E485C9700D199D5 /* Info.plist */ = {isa = PBXFileReference; lastKnownFileType = text.plist.xml; path = Info.plist; sourceTree = "<group>"; };
		CBB8535E1E485C9700D199D5 /* MovieBookingTests.xctest */ = {isa = PBXFileReference; explicitFileType = wrapper.cfbundle; includeInIndex = 0; path = MovieBookingTests.xctest; sourceTree = BUILT_PRODUCTS_DIR; };
		CBB853621E485C9700D199D5 /* MovieBookingTests.swift */ = {isa = PBXFileReference; lastKnownFileType = sourcecode.swift; path = MovieBookingTests.swift; sourceTree = "<group>"; };
		CBB853641E485C9700D199D5 /* Info.plist */ = {isa = PBXFileReference; lastKnownFileType = text.plist.xml; path = Info.plist; sourceTree = "<group>"; };
/* End PBXFileReference section */

/* Begin PBXFrameworksBuildPhase section */
		CBB853471E485C9700D199D5 /* Frameworks */ = {
			isa = PBXFrameworksBuildPhase;
			buildActionMask = 2147483647;
			files = (
			);
			runOnlyForDeploymentPostprocessing = 0;
		};
		CBB8535B1E485C9700D199D5 /* Frameworks */ = {
			isa = PBXFrameworksBuildPhase;
			buildActionMask = 2147483647;
			files = (
			);
			runOnlyForDeploymentPostprocessing = 0;
		};
/* End PBXFrameworksBuildPhase section */

/* Begin PBXGroup section */
		CBB853411E485C9700D199D5 = {
			isa = PBXGroup;
			children = (
				CBB8534C1E485C9700D199D5 /* MovieBooking */,
				CBB853611E485C9700D199D5 /* MovieBookingTests */,
				CBB8534B1E485C9700D199D5 /* Products */,
			);
			sourceTree = "<group>";
		};
		CBB8534B1E485C9700D199D5 /* Products */ = {
			isa = PBXGroup;
			children = (
				CBB8534A1E485C9700D199D5 /* MovieBooking.app */,
				CBB8535E1E485C9700D199D5 /* MovieBookingTests.xctest */,
			);
			name = Products;
			sourceTree = "<group>";
		};
		CBB8534C1E485C9700D199D5 /* MovieBooking */ = {
			isa = PBXGroup;
			children = (
				CBB8534D1E485C9700D199D5 /* AppDelegate.swift */,
				CBB8534F1E485C9700D199D5 /* ViewController.swift */,
				CBB853511E485C9700D199D5 /* Main.storyboard */,
				CBB853541E485C9700D199D5 /* Assets.xcassets */,
				CBB853561E485C9700D199D5 /* LaunchScreen.storyboard */,
				CBB853591E485C9700D199D5 /* Info.plist */,
			);
			path = MovieBooking;
			sourceTree = "<group>";
		};
		CBB853611E485C9700D199D5 /* MovieBookingTests */ = {
			isa = PBXGroup;
			children = (
				CBB853621E485C9700D199D5 /* MovieBookingTests.swift */,
				CBB853641E485C9700D199D5 /* Info.plist */,
			);
			path = MovieBookingTests;
			sourceTree = "<group>";
		};
/* End PBXGroup section */

/* Begin PBXNativeTarget section */
		CBB853491E485C9700D199D5 /* MovieBooking */ = {
			isa = PBXNativeTarget;
			buildConfigurationList = CBB853671E485C9700D199D5 /* Build configuration list for PBXNativeTarget "MovieBooking" */;
			buildPhases = (
				CBB853461E485C9700D199D5 /* Sources */,
				CBB853471E485C9700D199D5 /* Frameworks */,
				CBB853481E485C9700D199D5 /* Resources */,
			);
			buildRules = (
			);
			dependencies = (
			);
			name = MovieBooking;
			productName = MovieBooking;
			productReference = CBB8534A1E485C9700D199D5 /* MovieBooking.app */;
			productType = "com.apple.product-type.application";
		};
		CBB8535D1E485C9700D199D5 /* MovieBookingTests */ = {
			isa = PBXNativeTarget;
			buildConfigurationList = CBB8536A1E485C9700D199D5 /* Build configuration list for PBXNativeTarget "MovieBookingTests" */;
			buildPhases = (
				CBB8535A1E485C9700D199D5 /* Sources */,
				CBB8535B1E485C9700D199D5 /* Frameworks */,
				CBB8535C1E485C9700D199D5 /* Resources */,
			);
			buildRules = (
			);
			dependencies = (
				CBB853601E485C9700D199D5 /* PBXTargetDependency */,
			);
			name = MovieBookingTests;
			productName = MovieBookingTests;
			productReference = CBB8535E1E485C9700D199D5 /* MovieBookingTests.xctest */;
			productType = "com.apple.product-type.bundle.unit-test";
		};
/* End PBXNativeTarget section */

/* Begin PBXProject section */
		CBB853421E485C9700D199D5 /* Project object */ = {
			isa = PBXProject;
			attributes = {
				LastSwiftUpdateCheck = 0820;
				LastUpgradeCheck = 0820;
				ORGANIZATIONNAME = "Chi-Quyen Le";
				TargetAttributes = {
					CBB853491E485C9700D199D5 = {
						CreatedOnToolsVersion = 8.2.1;
						ProvisioningStyle = Automatic;
					};
					CBB8535D1E485C9700D199D5 = {
						CreatedOnToolsVersion = 8.2.1;
						ProvisioningStyle = Automatic;
						TestTargetID = CBB853491E485C9700D199D5;
					};
				};
			};
			buildConfigurationList = CBB853451E485C9700D199D5 /* Build configuration list for PBXProject "MovieBooking" */;
			compatibilityVersion = "Xcode 3.2";
			developmentRegion = English;
			hasScannedForEncodings = 0;
			knownRegions = (
				en,
				Base,
			);
			mainGroup = CBB853411E485C9700D199D5;
			productRefGroup = CBB8534B1E485C9700D199D5 /* Products */;
			projectDirPath = "";
			projectRoot = "";
			targets = (
				CBB853491E485C9700D199D5 /* MovieBooking */,
				CBB8535D1E485C9700D199D5 /* MovieBookingTests */,
			);
		};
/* End PBXProject section */

/* Begin PBXResourcesBuildPhase section */
		CBB853481E485C9700D199D5 /* Resources */ = {
			isa = PBXResourcesBuildPhase;
			buildActionMask = 2147483647;
			files = (
				CBB853581E485C9700D199D5 /* LaunchScreen.storyboard in Resources */,
				CBB853551E485C9700D199D5 /* Assets.xcassets in Resources */,
				CBB853531E485C9700D199D5 /* Main.storyboard in Resources */,
			);
			runOnlyForDeploymentPostprocessing = 0;
		};
		CBB8535C1E485C9700D199D5 /* Resources */ = {
			isa = PBXResourcesBuildPhase;
			buildActionMask = 2147483647;
			files = (
			);
			runOnlyForDeploymentPostprocessing = 0;
		};
/* End PBXResourcesBuildPhase section */

/* Begin PBXSourcesBuildPhase section */
		CBB853461E485C9700D199D5 /* Sources */ = {
			isa = PBXSourcesBuildPhase;
			buildActionMask = 2147483647;
			files = (
				CBB853501E485C9700D199D5 /* ViewController.swift in Sources */,
				CBB8534E1E485C9700D199D5 /* AppDelegate.swift in Sources */,
			);
			runOnlyForDeploymentPostprocessing = 0;
		};
		CBB8535A1E485C9700D199D5 /* Sources */ = {
			isa = PBXSourcesBuildPhase;
			buildActionMask = 2147483647;
			files = (
				CBB853631E485C9700D199D5 /* MovieBookingTests.swift in Sources */,
			);
			runOnlyForDeploymentPostprocessing = 0;
		};
/* End PBXSourcesBuildPhase section */

/* Begin PBXTargetDependency section */
		CBB853601E485C9700D199D5 /* PBXTargetDependency */ = {
			isa = PBXTargetDependency;
			target = CBB853491E485C9700D199D5 /* MovieBooking */;
			targetProxy = CBB8535F1E485C9700D199D5 /* PBXContainerItemProxy */;
		};
/* End PBXTargetDependency section */

/* Begin PBXVariantGroup section */
		CBB853511E485C9700D199D5 /* Main.storyboard */ = {
			isa = PBXVariantGroup;
			children = (
				CBB853521E485C9700D199D5 /* Base */,
			);
			name = Main.storyboard;
			sourceTree = "<group>";
		};
		CBB853561E485C9700D199D5 /* LaunchScreen.storyboard */ = {
			isa = PBXVariantGroup;
			children = (
				CBB853571E485C9700D199D5 /* Base */,
			);
			name = LaunchScreen.storyboard;
			sourceTree = "<group>";
		};
/* End PBXVariantGroup section */

/* Begin XCBuildConfiguration section */
		CBB853651E485C9700D199D5 /* Debug */ = {
			isa = XCBuildConfiguration;
			buildSettings = {
				ALWAYS_SEARCH_USER_PATHS = NO;
				CLANG_ANALYZER_NONNULL = YES;
				CLANG_CXX_LANGUAGE_STANDARD = "gnu++0x";
				CLANG_CXX_LIBRARY = "libc++";
				CLANG_ENABLE_MODULES = YES;
				CLANG_ENABLE_OBJC_ARC = YES;
				CLANG_WARN_BOOL_CONVERSION = YES;
				CLANG_WARN_CONSTANT_CONVERSION = YES;
				CLANG_WARN_DIRECT_OBJC_ISA_USAGE = YES_ERROR;
				CLANG_WARN_DOCUMENTATION_COMMENTS = YES;
				CLANG_WARN_EMPTY_BODY = YES;
				CLANG_WARN_ENUM_CONVERSION = YES;
				CLANG_WARN_INFINITE_RECURSION = YES;
				CLANG_WARN_INT_CONVERSION = YES;
				CLANG_WARN_OBJC_ROOT_CLASS = YES_ERROR;
				CLANG_WARN_SUSPICIOUS_MOVE = YES;
				CLANG_WARN_UNREACHABLE_CODE = YES;
				CLANG_WARN__DUPLICATE_METHOD_MATCH = YES;
				"CODE_SIGN_IDENTITY[sdk=iphoneos*]" = "iPhone Developer";
				COPY_PHASE_STRIP = NO;
				DEBUG_INFORMATION_FORMAT = dwarf;
				ENABLE_STRICT_OBJC_MSGSEND = YES;
				ENABLE_TESTABILITY = YES;
				GCC_C_LANGUAGE_STANDARD = gnu99;
				GCC_DYNAMIC_NO_PIC = NO;
				GCC_NO_COMMON_BLOCKS = YES;
				GCC_OPTIMIZATION_LEVEL = 0;
				GCC_PREPROCESSOR_DEFINITIONS = (
					"DEBUG=1",
					"$(inherited)",
				);
				GCC_WARN_64_TO_32_BIT_CONVERSION = YES;
				GCC_WARN_ABOUT_RETURN_TYPE = YES_ERROR;
				GCC_WARN_UNDECLARED_SELECTOR = YES;
				GCC_WARN_UNINITIALIZED_AUTOS = YES_AGGRESSIVE;
				GCC_WARN_UNUSED_FUNCTION = YES;
				GCC_WARN_UNUSED_VARIABLE = YES;
				IPHONEOS_DEPLOYMENT_TARGET = 10.2;
				MTL_ENABLE_DEBUG_INFO = YES;
				ONLY_ACTIVE_ARCH = YES;
				SDKROOT = iphoneos;
				SWIFT_ACTIVE_COMPILATION_CONDITIONS = DEBUG;
				SWIFT_OPTIMIZATION_LEVEL = "-Onone";
				TARGETED_DEVICE_FAMILY = "1,2";
			};
			name = Debug;
		};
		CBB853661E485C9700D199D5 /* Release */ = {
			isa = XCBuildConfiguration;
			buildSettings = {
				ALWAYS_SEARCH_USER_PATHS = NO;
				CLANG_ANALYZER_NONNULL = YES;
				CLANG_CXX_LANGUAGE_STANDARD = "gnu++0x";
				CLANG_CXX_LIBRARY = "libc++";
				CLANG_ENABLE_MODULES = YES;
				CLANG_ENABLE_OBJC_ARC = YES;
				CLANG_WARN_BOOL_CONVERSION = YES;
				CLANG_WARN_CONSTANT_CONVERSION = YES;
				CLANG_WARN_DIRECT_OBJC_ISA_USAGE = YES_ERROR;
				CLANG_WARN_DOCUMENTATION_COMMENTS = YES;
				CLANG_WARN_EMPTY_BODY = YES;
				CLANG_WARN_ENUM_CONVERSION = YES;
				CLANG_WARN_INFINITE_RECURSION = YES;
				CLANG_WARN_INT_CONVERSION = YES;
				CLANG_WARN_OBJC_ROOT_CLASS = YES_ERROR;
				CLANG_WARN_SUSPICIOUS_MOVE = YES;
				CLANG_WARN_UNREACHABLE_CODE = YES;
				CLANG_WARN__DUPLICATE_METHOD_MATCH = YES;
				"CODE_SIGN_IDENTITY[sdk=iphoneos*]" = "iPhone Developer";
				COPY_PHASE_STRIP = NO;
				DEBUG_INFORMATION_FORMAT = "dwarf-with-dsym";
				ENABLE_NS_ASSERTIONS = NO;
				ENABLE_STRICT_OBJC_MSGSEND = YES;
				GCC_C_LANGUAGE_STANDARD = gnu99;
				GCC_NO_COMMON_BLOCKS = YES;
				GCC_WARN_64_TO_32_BIT_CONVERSION = YES;
				GCC_WARN_ABOUT_RETURN_TYPE = YES_ERROR;
				GCC_WARN_UNDECLARED_SELECTOR = YES;
				GCC_WARN_UNINITIALIZED_AUTOS = YES_AGGRESSIVE;
				GCC_WARN_UNUSED_FUNCTION = YES;
				GCC_WARN_UNUSED_VARIABLE = YES;
				IPHONEOS_DEPLOYMENT_TARGET = 10.2;
				MTL_ENABLE_DEBUG_INFO = NO;
				SDKROOT = iphoneos;
				SWIFT_OPTIMIZATION_LEVEL = "-Owholemodule";
				TARGETED_DEVICE_FAMILY = "1,2";
				VALIDATE_PRODUCT = YES;
			};
			name = Release;
		};
		CBB853681E485C9700D199D5 /* Debug */ = {
			isa = XCBuildConfiguration;
			buildSettings = {
				ASSETCATALOG_COMPILER_APPICON_NAME = AppIcon;
				INFOPLIST_FILE = MovieBooking/Info.plist;
				LD_RUNPATH_SEARCH_PATHS = "$(inherited) @executable_path/Frameworks";
				PRODUCT_BUNDLE_IDENTIFIER = com.quyenle.MovieBooking;
				PRODUCT_NAME = "$(TARGET_NAME)";
				SWIFT_VERSION = 3.0;
			};
			name = Debug;
		};
		CBB853691E485C9700D199D5 /* Release */ = {
			isa = XCBuildConfiguration;
			buildSettings = {
				ASSETCATALOG_COMPILER_APPICON_NAME = AppIcon;
				INFOPLIST_FILE = MovieBooking/Info.plist;
				LD_RUNPATH_SEARCH_PATHS = "$(inherited) @executable_path/Frameworks";
				PRODUCT_BUNDLE_IDENTIFIER = com.quyenle.MovieBooking;
				PRODUCT_NAME = "$(TARGET_NAME)";
				SWIFT_VERSION = 3.0;
			};
			name = Release;
		};
		CBB8536B1E485C9700D199D5 /* Debug */ = {
			isa = XCBuildConfiguration;
			buildSettings = {
				ALWAYS_EMBED_SWIFT_STANDARD_LIBRARIES = YES;
				BUNDLE_LOADER = "$(TEST_HOST)";
				INFOPLIST_FILE = MovieBookingTests/Info.plist;
				LD_RUNPATH_SEARCH_PATHS = "$(inherited) @executable_path/Frameworks @loader_path/Frameworks";
				PRODUCT_BUNDLE_IDENTIFIER = com.quyenle.MovieBookingTests;
				PRODUCT_NAME = "$(TARGET_NAME)";
				SWIFT_VERSION = 3.0;
				TEST_HOST = "$(BUILT_PRODUCTS_DIR)/MovieBooking.app/MovieBooking";
			};
			name = Debug;
		};
		CBB8536C1E485C9700D199D5 /* Release */ = {
			isa = XCBuildConfiguration;
			buildSettings = {
				ALWAYS_EMBED_SWIFT_STANDARD_LIBRARIES = YES;
				BUNDLE_LOADER = "$(TEST_HOST)";
				INFOPLIST_FILE = MovieBookingTests/Info.plist;
				LD_RUNPATH_SEARCH_PATHS = "$(inherited) @executable_path/Frameworks @loader_path/Frameworks";
				PRODUCT_BUNDLE_IDENTIFIER = com.quyenle.MovieBookingTests;
				PRODUCT_NAME = "$(TARGET_NAME)";
				SWIFT_VERSION = 3.0;
				TEST_HOST = "$(BUILT_PRODUCTS_DIR)/MovieBooking.app/MovieBooking";
			};
			name = Release;
		};
/* End XCBuildConfiguration section */

/* Begin XCConfigurationList section */
		CBB853451E485C9700D199D5 /* Build configuration list for PBXProject "MovieBooking" */ = {
			isa = XCConfigurationList;
			buildConfigurations = (
				CBB853651E485C9700D199D5 /* Debug */,
				CBB853661E485C9700D199D5 /* Release */,
			);
			defaultConfigurationIsVisible = 0;
			defaultConfigurationName = Release;
		};
		CBB853671E485C9700D199D5 /* Build configuration list for PBXNativeTarget "MovieBooking" */ = {
			isa = XCConfigurationList;
			buildConfigurations = (
				CBB853681E485C9700D199D5 /* Debug */,
				CBB853691E485C9700D199D5 /* Release */,
			);
			defaultConfigurationIsVisible = 0;
		};
		CBB8536A1E485C9700D199D5 /* Build configuration list for PBXNativeTarget "MovieBookingTests" */ = {
			isa = XCConfigurationList;
			buildConfigurations = (
				CBB8536B1E485C9700D199D5 /* Debug */,
				CBB8536C1E485C9700D199D5 /* Release */,
			);
			defaultConfigurationIsVisible = 0;
		};
/* End XCConfigurationList section */
	};
	rootObject = CBB853421E485C9700D199D5 /* Project object */;
}
